// !$*UTF8*$!
{
	archiveVersion = 1;
	classes = {
	};
	objectVersion = 77;
	objects = {

/* Begin PBXBuildFile section */
		187526C92DD41D2900E2AE9D /* UserListViewController.swift in Sources */ = {isa = PBXBuildFile; fileRef = 187526BB2DD41D2900E2AE9D /* UserListViewController.swift */; };
		187526CA2DD41D2900E2AE9D /* BaseCoordinator.swift in Sources */ = {isa = PBXBuildFile; fileRef = 187526BE2DD41D2900E2AE9D /* BaseCoordinator.swift */; };
		187526CB2DD41D2900E2AE9D /* AppDelegate.swift in Sources */ = {isa = PBXBuildFile; fileRef = 187526BF2DD41D2900E2AE9D /* AppDelegate.swift */; };
		187526CC2DD41D2900E2AE9D /* SceneDelegate.swift in Sources */ = {isa = PBXBuildFile; fileRef = 187526C62DD41D2900E2AE9D /* SceneDelegate.swift */; };
		187526CE2DD41D2900E2AE9D /* Assets.xcassets in Resources */ = {isa = PBXBuildFile; fileRef = 187526C02DD41D2900E2AE9D /* Assets.xcassets */; };
		187526D02DD41D2900E2AE9D /* LaunchScreen.storyboard in Resources */ = {isa = PBXBuildFile; fileRef = 187526C32DD41D2900E2AE9D /* LaunchScreen.storyboard */; };
		187526D12DD41D2900E2AE9D /* Main.storyboard in Resources */ = {isa = PBXBuildFile; fileRef = 187526C52DD41D2900E2AE9D /* Main.storyboard */; };
		187526D32DD41D9900E2AE9D /* Coordinator.swift in Sources */ = {isa = PBXBuildFile; fileRef = 187526D22DD41D9900E2AE9D /* Coordinator.swift */; };
		187526D62DD4210000E2AE9D /* UserListCoordinator.swift in Sources */ = {isa = PBXBuildFile; fileRef = 187526D52DD4210000E2AE9D /* UserListCoordinator.swift */; };
		187526D92DD4261100E2AE9D /* UserListViewModel.swift in Sources */ = {isa = PBXBuildFile; fileRef = 187526D82DD4260800E2AE9D /* UserListViewModel.swift */; };
		187526DC2DD4265800E2AE9D /* GitHubUser.swift in Sources */ = {isa = PBXBuildFile; fileRef = 187526DB2DD4265500E2AE9D /* GitHubUser.swift */; };
		187526DE2DD4284400E2AE9D /* UserListAPIService.swift in Sources */ = {isa = PBXBuildFile; fileRef = 187526DD2DD4283B00E2AE9D /* UserListAPIService.swift */; };
		187526ED2DD4325900E2AE9D /* SDWebImage in Frameworks */ = {isa = PBXBuildFile; productRef = 187526EC2DD4325900E2AE9D /* SDWebImage */; };
		187526F02DD43B9000E2AE9D /* UserGeneralCell.swift in Sources */ = {isa = PBXBuildFile; fileRef = 187526EF2DD43B7F00E2AE9D /* UserGeneralCell.swift */; };
		187526F22DD43E7100E2AE9D /* UserCellable.swift in Sources */ = {isa = PBXBuildFile; fileRef = 187526F12DD43E6800E2AE9D /* UserCellable.swift */; };
		187526F42DD44C3200E2AE9D /* GitHubUserListAPIErrorResponse.swift in Sources */ = {isa = PBXBuildFile; fileRef = 187526F32DD44C2800E2AE9D /* GitHubUserListAPIErrorResponse.swift */; };
		187526F62DD462AC00E2AE9D /* PrivacyInfo.xcprivacy in Resources */ = {isa = PBXBuildFile; fileRef = 187526F52DD462AC00E2AE9D /* PrivacyInfo.xcprivacy */; };
		187526F72DD462AC00E2AE9D /* PrivacyInfo.xcprivacy in Resources */ = {isa = PBXBuildFile; fileRef = 187526F52DD462AC00E2AE9D /* PrivacyInfo.xcprivacy */; };
		187526F92DD4630300E2AE9D /* Localizable.xcstrings in Resources */ = {isa = PBXBuildFile; fileRef = 187526F82DD4630300E2AE9D /* Localizable.xcstrings */; };
		187526FA2DD4630300E2AE9D /* Localizable.xcstrings in Resources */ = {isa = PBXBuildFile; fileRef = 187526F82DD4630300E2AE9D /* Localizable.xcstrings */; };
		187526FD2DD46B0900E2AE9D /* UIColor+Hex.swift in Sources */ = {isa = PBXBuildFile; fileRef = 187526FC2DD46B0100E2AE9D /* UIColor+Hex.swift */; };
		187526FF2DD46C9B00E2AE9D /* UIColor+UserInterfaceStyle.swift in Sources */ = {isa = PBXBuildFile; fileRef = 187526FE2DD46C8700E2AE9D /* UIColor+UserInterfaceStyle.swift */; };
		187527022DD46CCB00E2AE9D /* UIColor+CustomColors.swift in Sources */ = {isa = PBXBuildFile; fileRef = 187527012DD46CBC00E2AE9D /* UIColor+CustomColors.swift */; };
		187527042DD4747C00E2AE9D /* UserListRateLimitView.swift in Sources */ = {isa = PBXBuildFile; fileRef = 187527032DD4746300E2AE9D /* UserListRateLimitView.swift */; };
		187527072DD47D6300E2AE9D /* UserDetailViewController.swift in Sources */ = {isa = PBXBuildFile; fileRef = 187527062DD47D5B00E2AE9D /* UserDetailViewController.swift */; };
		187527092DD47DA500E2AE9D /* UserDetailCoordinator.swift in Sources */ = {isa = PBXBuildFile; fileRef = 187527082DD47D9C00E2AE9D /* UserDetailCoordinator.swift */; };
		1875270B2DD4816A00E2AE9D /* UserDetailViewModel.swift in Sources */ = {isa = PBXBuildFile; fileRef = 1875270A2DD4816400E2AE9D /* UserDetailViewModel.swift */; };
		1875270E2DD4829000E2AE9D /* UserDetailAPIServiceProtocol.swift in Sources */ = {isa = PBXBuildFile; fileRef = 1875270D2DD4828F00E2AE9D /* UserDetailAPIServiceProtocol.swift */; };
		187527102DD482B600E2AE9D /* UserListAPIServiceProtocol.swift in Sources */ = {isa = PBXBuildFile; fileRef = 1875270F2DD482B200E2AE9D /* UserListAPIServiceProtocol.swift */; };
		187527122DD4838700E2AE9D /* GitHubUserDetail.swift in Sources */ = {isa = PBXBuildFile; fileRef = 187527112DD4838500E2AE9D /* GitHubUserDetail.swift */; };
		187527142DD483C800E2AE9D /* UserDetailAPIService.swift in Sources */ = {isa = PBXBuildFile; fileRef = 187527132DD483C400E2AE9D /* UserDetailAPIService.swift */; };
		187527162DD4857300E2AE9D /* GitHubUserDetailAPIErrorResponse.swift in Sources */ = {isa = PBXBuildFile; fileRef = 187527152DD4856D00E2AE9D /* GitHubUserDetailAPIErrorResponse.swift */; };
		187527192DD487A300E2AE9D /* UserDetailErrorView.swift in Sources */ = {isa = PBXBuildFile; fileRef = 187527182DD487A200E2AE9D /* UserDetailErrorView.swift */; };
		1875271B2DD48E7B00E2AE9D /* UserDetailView.swift in Sources */ = {isa = PBXBuildFile; fileRef = 1875271A2DD48E7800E2AE9D /* UserDetailView.swift */; };
		1875271D2DD490F600E2AE9D /* UserDetailPresentable.swift in Sources */ = {isa = PBXBuildFile; fileRef = 1875271C2DD490F100E2AE9D /* UserDetailPresentable.swift */; };
/* End PBXBuildFile section */

/* Begin PBXContainerItemProxy section */
		187526942DD41ABC00E2AE9D /* PBXContainerItemProxy */ = {
			isa = PBXContainerItemProxy;
			containerPortal = 187526752DD41ABB00E2AE9D /* Project object */;
			proxyType = 1;
			remoteGlobalIDString = 1875267C2DD41ABB00E2AE9D;
			remoteInfo = GitHubUserList;
		};
		1875269E2DD41ABC00E2AE9D /* PBXContainerItemProxy */ = {
			isa = PBXContainerItemProxy;
			containerPortal = 187526752DD41ABB00E2AE9D /* Project object */;
			proxyType = 1;
			remoteGlobalIDString = 1875267C2DD41ABB00E2AE9D;
			remoteInfo = GitHubUserList;
		};
/* End PBXContainerItemProxy section */

/* Begin PBXFileReference section */
		1875267D2DD41ABB00E2AE9D /* GitHubUserList.app */ = {isa = PBXFileReference; explicitFileType = wrapper.application; includeInIndex = 0; path = GitHubUserList.app; sourceTree = BUILT_PRODUCTS_DIR; };
		187526932DD41ABC00E2AE9D /* GitHubUserListTests.xctest */ = {isa = PBXFileReference; explicitFileType = wrapper.cfbundle; includeInIndex = 0; path = GitHubUserListTests.xctest; sourceTree = BUILT_PRODUCTS_DIR; };
		1875269D2DD41ABC00E2AE9D /* GitHubUserListUITests.xctest */ = {isa = PBXFileReference; explicitFileType = wrapper.cfbundle; includeInIndex = 0; path = GitHubUserListUITests.xctest; sourceTree = BUILT_PRODUCTS_DIR; };
		187526BB2DD41D2900E2AE9D /* UserListViewController.swift */ = {isa = PBXFileReference; lastKnownFileType = sourcecode.swift; path = UserListViewController.swift; sourceTree = "<group>"; };
		187526BE2DD41D2900E2AE9D /* BaseCoordinator.swift */ = {isa = PBXFileReference; lastKnownFileType = sourcecode.swift; path = BaseCoordinator.swift; sourceTree = "<group>"; };
		187526BF2DD41D2900E2AE9D /* AppDelegate.swift */ = {isa = PBXFileReference; lastKnownFileType = sourcecode.swift; path = AppDelegate.swift; sourceTree = "<group>"; };
		187526C02DD41D2900E2AE9D /* Assets.xcassets */ = {isa = PBXFileReference; lastKnownFileType = folder.assetcatalog; path = Assets.xcassets; sourceTree = "<group>"; };
		187526C12DD41D2900E2AE9D /* Info.plist */ = {isa = PBXFileReference; lastKnownFileType = text.plist.xml; path = Info.plist; sourceTree = "<group>"; };
		187526C22DD41D2900E2AE9D /* Base */ = {isa = PBXFileReference; lastKnownFileType = file.storyboard; name = Base; path = Base.lproj/LaunchScreen.storyboard; sourceTree = "<group>"; };
		187526C42DD41D2900E2AE9D /* Base */ = {isa = PBXFileReference; lastKnownFileType = file.storyboard; name = Base; path = Base.lproj/Main.storyboard; sourceTree = "<group>"; };
		187526C62DD41D2900E2AE9D /* SceneDelegate.swift */ = {isa = PBXFileReference; lastKnownFileType = sourcecode.swift; path = SceneDelegate.swift; sourceTree = "<group>"; };
		187526D22DD41D9900E2AE9D /* Coordinator.swift */ = {isa = PBXFileReference; lastKnownFileType = sourcecode.swift; path = Coordinator.swift; sourceTree = "<group>"; };
		187526D52DD4210000E2AE9D /* UserListCoordinator.swift */ = {isa = PBXFileReference; lastKnownFileType = sourcecode.swift; path = UserListCoordinator.swift; sourceTree = "<group>"; };
		187526D82DD4260800E2AE9D /* UserListViewModel.swift */ = {isa = PBXFileReference; lastKnownFileType = sourcecode.swift; path = UserListViewModel.swift; sourceTree = "<group>"; };
		187526DB2DD4265500E2AE9D /* GitHubUser.swift */ = {isa = PBXFileReference; lastKnownFileType = sourcecode.swift; path = GitHubUser.swift; sourceTree = "<group>"; };
		187526DD2DD4283B00E2AE9D /* UserListAPIService.swift */ = {isa = PBXFileReference; lastKnownFileType = sourcecode.swift; path = UserListAPIService.swift; sourceTree = "<group>"; };
		187526EF2DD43B7F00E2AE9D /* UserGeneralCell.swift */ = {isa = PBXFileReference; lastKnownFileType = sourcecode.swift; path = UserGeneralCell.swift; sourceTree = "<group>"; };
		187526F12DD43E6800E2AE9D /* UserCellable.swift */ = {isa = PBXFileReference; lastKnownFileType = sourcecode.swift; path = UserCellable.swift; sourceTree = "<group>"; };
		187526F32DD44C2800E2AE9D /* GitHubUserListAPIErrorResponse.swift */ = {isa = PBXFileReference; lastKnownFileType = sourcecode.swift; path = GitHubUserListAPIErrorResponse.swift; sourceTree = "<group>"; };
		187526F52DD462AC00E2AE9D /* PrivacyInfo.xcprivacy */ = {isa = PBXFileReference; lastKnownFileType = text.xml; path = PrivacyInfo.xcprivacy; sourceTree = "<group>"; };
		187526F82DD4630300E2AE9D /* Localizable.xcstrings */ = {isa = PBXFileReference; lastKnownFileType = text.json.xcstrings; path = Localizable.xcstrings; sourceTree = "<group>"; };
		187526FC2DD46B0100E2AE9D /* UIColor+Hex.swift */ = {isa = PBXFileReference; lastKnownFileType = sourcecode.swift; path = "UIColor+Hex.swift"; sourceTree = "<group>"; };
		187526FE2DD46C8700E2AE9D /* UIColor+UserInterfaceStyle.swift */ = {isa = PBXFileReference; lastKnownFileType = sourcecode.swift; path = "UIColor+UserInterfaceStyle.swift"; sourceTree = "<group>"; };
		187527012DD46CBC00E2AE9D /* UIColor+CustomColors.swift */ = {isa = PBXFileReference; lastKnownFileType = sourcecode.swift; path = "UIColor+CustomColors.swift"; sourceTree = "<group>"; };
		187527032DD4746300E2AE9D /* UserListRateLimitView.swift */ = {isa = PBXFileReference; lastKnownFileType = sourcecode.swift; path = UserListRateLimitView.swift; sourceTree = "<group>"; };
		187527062DD47D5B00E2AE9D /* UserDetailViewController.swift */ = {isa = PBXFileReference; lastKnownFileType = sourcecode.swift; path = UserDetailViewController.swift; sourceTree = "<group>"; };
		187527082DD47D9C00E2AE9D /* UserDetailCoordinator.swift */ = {isa = PBXFileReference; lastKnownFileType = sourcecode.swift; path = UserDetailCoordinator.swift; sourceTree = "<group>"; };
		1875270A2DD4816400E2AE9D /* UserDetailViewModel.swift */ = {isa = PBXFileReference; lastKnownFileType = sourcecode.swift; path = UserDetailViewModel.swift; sourceTree = "<group>"; };
		1875270D2DD4828F00E2AE9D /* UserDetailAPIServiceProtocol.swift */ = {isa = PBXFileReference; lastKnownFileType = sourcecode.swift; path = UserDetailAPIServiceProtocol.swift; sourceTree = "<group>"; };
		1875270F2DD482B200E2AE9D /* UserListAPIServiceProtocol.swift */ = {isa = PBXFileReference; lastKnownFileType = sourcecode.swift; path = UserListAPIServiceProtocol.swift; sourceTree = "<group>"; };
		187527112DD4838500E2AE9D /* GitHubUserDetail.swift */ = {isa = PBXFileReference; lastKnownFileType = sourcecode.swift; path = GitHubUserDetail.swift; sourceTree = "<group>"; };
		187527132DD483C400E2AE9D /* UserDetailAPIService.swift */ = {isa = PBXFileReference; lastKnownFileType = sourcecode.swift; path = UserDetailAPIService.swift; sourceTree = "<group>"; };
		187527152DD4856D00E2AE9D /* GitHubUserDetailAPIErrorResponse.swift */ = {isa = PBXFileReference; lastKnownFileType = sourcecode.swift; path = GitHubUserDetailAPIErrorResponse.swift; sourceTree = "<group>"; };
		187527182DD487A200E2AE9D /* UserDetailErrorView.swift */ = {isa = PBXFileReference; lastKnownFileType = sourcecode.swift; path = UserDetailErrorView.swift; sourceTree = "<group>"; };
		1875271A2DD48E7800E2AE9D /* UserDetailView.swift */ = {isa = PBXFileReference; lastKnownFileType = sourcecode.swift; path = UserDetailView.swift; sourceTree = "<group>"; };
		1875271C2DD490F100E2AE9D /* UserDetailPresentable.swift */ = {isa = PBXFileReference; lastKnownFileType = sourcecode.swift; path = UserDetailPresentable.swift; sourceTree = "<group>"; };
/* End PBXFileReference section */

/* Begin PBXFileSystemSynchronizedRootGroup section */
		187526962DD41ABC00E2AE9D /* GitHubUserListTests */ = {
			isa = PBXFileSystemSynchronizedRootGroup;
			path = GitHubUserListTests;
			sourceTree = "<group>";
		};
		187526A02DD41ABC00E2AE9D /* GitHubUserListUITests */ = {
			isa = PBXFileSystemSynchronizedRootGroup;
			path = GitHubUserListUITests;
			sourceTree = "<group>";
		};
/* End PBXFileSystemSynchronizedRootGroup section */

/* Begin PBXFrameworksBuildPhase section */
		1875267A2DD41ABB00E2AE9D /* Frameworks */ = {
			isa = PBXFrameworksBuildPhase;
			buildActionMask = 2147483647;
			files = (
				187526ED2DD4325900E2AE9D /* SDWebImage in Frameworks */,
			);
			runOnlyForDeploymentPostprocessing = 0;
		};
		187526902DD41ABC00E2AE9D /* Frameworks */ = {
			isa = PBXFrameworksBuildPhase;
			buildActionMask = 2147483647;
			files = (
			);
			runOnlyForDeploymentPostprocessing = 0;
		};
		1875269A2DD41ABC00E2AE9D /* Frameworks */ = {
			isa = PBXFrameworksBuildPhase;
			buildActionMask = 2147483647;
			files = (
			);
			runOnlyForDeploymentPostprocessing = 0;
		};
/* End PBXFrameworksBuildPhase section */

/* Begin PBXGroup section */
		187526742DD41ABB00E2AE9D = {
			isa = PBXGroup;
			children = (
				187526F52DD462AC00E2AE9D /* PrivacyInfo.xcprivacy */,
				187526C82DD41D2900E2AE9D /* GitHubUserList */,
				187526962DD41ABC00E2AE9D /* GitHubUserListTests */,
				187526A02DD41ABC00E2AE9D /* GitHubUserListUITests */,
				1875267E2DD41ABB00E2AE9D /* Products */,
			);
			sourceTree = "<group>";
		};
		1875267E2DD41ABB00E2AE9D /* Products */ = {
			isa = PBXGroup;
			children = (
				1875267D2DD41ABB00E2AE9D /* GitHubUserList.app */,
				187526932DD41ABC00E2AE9D /* GitHubUserListTests.xctest */,
				1875269D2DD41ABC00E2AE9D /* GitHubUserListUITests.xctest */,
			);
			name = Products;
			sourceTree = "<group>";
		};
		187526BC2DD41D2900E2AE9D /* UserList(RootVC) */ = {
			isa = PBXGroup;
			children = (
				187526D52DD4210000E2AE9D /* UserListCoordinator.swift */,
				187526D82DD4260800E2AE9D /* UserListViewModel.swift */,
				187526BB2DD41D2900E2AE9D /* UserListViewController.swift */,
				187526EE2DD43B7400E2AE9D /* Views */,
				187526DA2DD4263B00E2AE9D /* SourceData */,
			);
			path = "UserList(RootVC)";
			sourceTree = "<group>";
		};
		187526BD2DD41D2900E2AE9D /* ViewControllers */ = {
			isa = PBXGroup;
			children = (
				187526BC2DD41D2900E2AE9D /* UserList(RootVC) */,
				187527052DD47D4800E2AE9D /* UserDetail */,
			);
			path = ViewControllers;
			sourceTree = "<group>";
		};
		187526C82DD41D2900E2AE9D /* GitHubUserList */ = {
			isa = PBXGroup;
			children = (
				187526FB2DD46AF400E2AE9D /* Extensions */,
				187526D42DD41DA200E2AE9D /* BaseProtocol */,
				187526BF2DD41D2900E2AE9D /* AppDelegate.swift */,
				187526C62DD41D2900E2AE9D /* SceneDelegate.swift */,
				187526BE2DD41D2900E2AE9D /* BaseCoordinator.swift */,
				187526BD2DD41D2900E2AE9D /* ViewControllers */,
				187526C02DD41D2900E2AE9D /* Assets.xcassets */,
				187526C12DD41D2900E2AE9D /* Info.plist */,
				187526C32DD41D2900E2AE9D /* LaunchScreen.storyboard */,
				187526C52DD41D2900E2AE9D /* Main.storyboard */,
				187526F82DD4630300E2AE9D /* Localizable.xcstrings */,
			);
			path = GitHubUserList;
			sourceTree = "<group>";
		};
		187526D42DD41DA200E2AE9D /* BaseProtocol */ = {
			isa = PBXGroup;
			children = (
				187526D22DD41D9900E2AE9D /* Coordinator.swift */,
			);
			path = BaseProtocol;
			sourceTree = "<group>";
		};
		187526DA2DD4263B00E2AE9D /* SourceData */ = {
			isa = PBXGroup;
			children = (
				1875270F2DD482B200E2AE9D /* UserListAPIServiceProtocol.swift */,
				187526DD2DD4283B00E2AE9D /* UserListAPIService.swift */,
				1875271E2DD4946200E2AE9D /* Model */,
			);
			path = SourceData;
			sourceTree = "<group>";
		};
		187526EE2DD43B7400E2AE9D /* Views */ = {
			isa = PBXGroup;
			children = (
				187527032DD4746300E2AE9D /* UserListRateLimitView.swift */,
				187526F12DD43E6800E2AE9D /* UserCellable.swift */,
				187526EF2DD43B7F00E2AE9D /* UserGeneralCell.swift */,
			);
			path = Views;
			sourceTree = "<group>";
		};
		187526FB2DD46AF400E2AE9D /* Extensions */ = {
			isa = PBXGroup;
			children = (
				187527002DD46CB000E2AE9D /* UIColor */,
			);
			path = Extensions;
			sourceTree = "<group>";
		};
		187527002DD46CB000E2AE9D /* UIColor */ = {
			isa = PBXGroup;
			children = (
				187527012DD46CBC00E2AE9D /* UIColor+CustomColors.swift */,
				187526FE2DD46C8700E2AE9D /* UIColor+UserInterfaceStyle.swift */,
				187526FC2DD46B0100E2AE9D /* UIColor+Hex.swift */,
			);
			path = UIColor;
			sourceTree = "<group>";
		};
		187527052DD47D4800E2AE9D /* UserDetail */ = {
			isa = PBXGroup;
			children = (
				187527082DD47D9C00E2AE9D /* UserDetailCoordinator.swift */,
				1875270A2DD4816400E2AE9D /* UserDetailViewModel.swift */,
				187527062DD47D5B00E2AE9D /* UserDetailViewController.swift */,
				187527172DD4879200E2AE9D /* Views */,
				1875270C2DD4828000E2AE9D /* SourceData */,
			);
			path = UserDetail;
			sourceTree = "<group>";
		};
		1875270C2DD4828000E2AE9D /* SourceData */ = {
			isa = PBXGroup;
			children = (
				1875270D2DD4828F00E2AE9D /* UserDetailAPIServiceProtocol.swift */,
				187527132DD483C400E2AE9D /* UserDetailAPIService.swift */,
				1875271F2DD4946E00E2AE9D /* Model */,
			);
			path = SourceData;
			sourceTree = "<group>";
		};
		187527172DD4879200E2AE9D /* Views */ = {
			isa = PBXGroup;
			children = (
				1875271C2DD490F100E2AE9D /* UserDetailPresentable.swift */,
				1875271A2DD48E7800E2AE9D /* UserDetailView.swift */,
				187527182DD487A200E2AE9D /* UserDetailErrorView.swift */,
			);
			path = Views;
			sourceTree = "<group>";
		};
		1875271E2DD4946200E2AE9D /* Model */ = {
			isa = PBXGroup;
			children = (
				187526DB2DD4265500E2AE9D /* GitHubUser.swift */,
				187526F32DD44C2800E2AE9D /* GitHubUserListAPIErrorResponse.swift */,
			);
			path = Model;
			sourceTree = "<group>";
		};
		1875271F2DD4946E00E2AE9D /* Model */ = {
			isa = PBXGroup;
			children = (
				187527112DD4838500E2AE9D /* GitHubUserDetail.swift */,
				187527152DD4856D00E2AE9D /* GitHubUserDetailAPIErrorResponse.swift */,
			);
			path = Model;
			sourceTree = "<group>";
		};
/* End PBXGroup section */

/* Begin PBXNativeTarget section */
		1875267C2DD41ABB00E2AE9D /* GitHubUserList */ = {
			isa = PBXNativeTarget;
			buildConfigurationList = 187526A62DD41ABC00E2AE9D /* Build configuration list for PBXNativeTarget "GitHubUserList" */;
			buildPhases = (
				187526792DD41ABB00E2AE9D /* Sources */,
				1875267A2DD41ABB00E2AE9D /* Frameworks */,
				1875267B2DD41ABB00E2AE9D /* Resources */,
			);
			buildRules = (
			);
			dependencies = (
			);
			name = GitHubUserList;
			packageProductDependencies = (
				187526EC2DD4325900E2AE9D /* SDWebImage */,
			);
			productName = GitHubUserList;
			productReference = 1875267D2DD41ABB00E2AE9D /* GitHubUserList.app */;
			productType = "com.apple.product-type.application";
		};
		187526922DD41ABC00E2AE9D /* GitHubUserListTests */ = {
			isa = PBXNativeTarget;
			buildConfigurationList = 187526AB2DD41ABC00E2AE9D /* Build configuration list for PBXNativeTarget "GitHubUserListTests" */;
			buildPhases = (
				1875268F2DD41ABC00E2AE9D /* Sources */,
				187526902DD41ABC00E2AE9D /* Frameworks */,
				187526912DD41ABC00E2AE9D /* Resources */,
			);
			buildRules = (
			);
			dependencies = (
				187526952DD41ABC00E2AE9D /* PBXTargetDependency */,
			);
			fileSystemSynchronizedGroups = (
				187526962DD41ABC00E2AE9D /* GitHubUserListTests */,
			);
			name = GitHubUserListTests;
			packageProductDependencies = (
			);
			productName = GitHubUserListTests;
			productReference = 187526932DD41ABC00E2AE9D /* GitHubUserListTests.xctest */;
			productType = "com.apple.product-type.bundle.unit-test";
		};
		1875269C2DD41ABC00E2AE9D /* GitHubUserListUITests */ = {
			isa = PBXNativeTarget;
			buildConfigurationList = 187526AE2DD41ABC00E2AE9D /* Build configuration list for PBXNativeTarget "GitHubUserListUITests" */;
			buildPhases = (
				187526992DD41ABC00E2AE9D /* Sources */,
				1875269A2DD41ABC00E2AE9D /* Frameworks */,
				1875269B2DD41ABC00E2AE9D /* Resources */,
			);
			buildRules = (
			);
			dependencies = (
				1875269F2DD41ABC00E2AE9D /* PBXTargetDependency */,
			);
			fileSystemSynchronizedGroups = (
				187526A02DD41ABC00E2AE9D /* GitHubUserListUITests */,
			);
			name = GitHubUserListUITests;
			packageProductDependencies = (
			);
			productName = GitHubUserListUITests;
			productReference = 1875269D2DD41ABC00E2AE9D /* GitHubUserListUITests.xctest */;
			productType = "com.apple.product-type.bundle.ui-testing";
		};
/* End PBXNativeTarget section */

/* Begin PBXProject section */
		187526752DD41ABB00E2AE9D /* Project object */ = {
			isa = PBXProject;
			attributes = {
				BuildIndependentTargetsInParallel = 1;
				LastSwiftUpdateCheck = 1630;
				LastUpgradeCheck = 1630;
				TargetAttributes = {
					1875267C2DD41ABB00E2AE9D = {
						CreatedOnToolsVersion = 16.3;
					};
					187526922DD41ABC00E2AE9D = {
						CreatedOnToolsVersion = 16.3;
						TestTargetID = 1875267C2DD41ABB00E2AE9D;
					};
					1875269C2DD41ABC00E2AE9D = {
						CreatedOnToolsVersion = 16.3;
						TestTargetID = 1875267C2DD41ABB00E2AE9D;
					};
				};
			};
			buildConfigurationList = 187526782DD41ABB00E2AE9D /* Build configuration list for PBXProject "GitHubUserList" */;
			developmentRegion = en;
			hasScannedForEncodings = 0;
			knownRegions = (
				en,
				Base,
				"zh-Hant",
			);
			mainGroup = 187526742DD41ABB00E2AE9D;
			minimizedProjectReferenceProxies = 1;
			packageReferences = (
				187526EB2DD4325900E2AE9D /* XCRemoteSwiftPackageReference "SDWebImage" */,
			);
			preferredProjectObjectVersion = 77;
			productRefGroup = 1875267E2DD41ABB00E2AE9D /* Products */;
			projectDirPath = "";
			projectRoot = "";
			targets = (
				1875267C2DD41ABB00E2AE9D /* GitHubUserList */,
				187526922DD41ABC00E2AE9D /* GitHubUserListTests */,
				1875269C2DD41ABC00E2AE9D /* GitHubUserListUITests */,
			);
		};
/* End PBXProject section */

/* Begin PBXResourcesBuildPhase section */
		1875267B2DD41ABB00E2AE9D /* Resources */ = {
			isa = PBXResourcesBuildPhase;
			buildActionMask = 2147483647;
			files = (
				187526CE2DD41D2900E2AE9D /* Assets.xcassets in Resources */,
				187526F92DD4630300E2AE9D /* Localizable.xcstrings in Resources */,
				187526D02DD41D2900E2AE9D /* LaunchScreen.storyboard in Resources */,
				187526F72DD462AC00E2AE9D /* PrivacyInfo.xcprivacy in Resources */,
				187526D12DD41D2900E2AE9D /* Main.storyboard in Resources */,
			);
			runOnlyForDeploymentPostprocessing = 0;
		};
		187526912DD41ABC00E2AE9D /* Resources */ = {
			isa = PBXResourcesBuildPhase;
			buildActionMask = 2147483647;
			files = (
				187526FA2DD4630300E2AE9D /* Localizable.xcstrings in Resources */,
				187526F62DD462AC00E2AE9D /* PrivacyInfo.xcprivacy in Resources */,
			);
			runOnlyForDeploymentPostprocessing = 0;
		};
		1875269B2DD41ABC00E2AE9D /* Resources */ = {
			isa = PBXResourcesBuildPhase;
			buildActionMask = 2147483647;
			files = (
			);
			runOnlyForDeploymentPostprocessing = 0;
		};
/* End PBXResourcesBuildPhase section */

/* Begin PBXSourcesBuildPhase section */
		187526792DD41ABB00E2AE9D /* Sources */ = {
			isa = PBXSourcesBuildPhase;
			buildActionMask = 2147483647;
			files = (
				187527072DD47D6300E2AE9D /* UserDetailViewController.swift in Sources */,
				187526F22DD43E7100E2AE9D /* UserCellable.swift in Sources */,
				187527102DD482B600E2AE9D /* UserListAPIServiceProtocol.swift in Sources */,
				187527022DD46CCB00E2AE9D /* UIColor+CustomColors.swift in Sources */,
				1875271B2DD48E7B00E2AE9D /* UserDetailView.swift in Sources */,
				187526C92DD41D2900E2AE9D /* UserListViewController.swift in Sources */,
				1875270E2DD4829000E2AE9D /* UserDetailAPIServiceProtocol.swift in Sources */,
				187526D92DD4261100E2AE9D /* UserListViewModel.swift in Sources */,
				187526CA2DD41D2900E2AE9D /* BaseCoordinator.swift in Sources */,
				187526DC2DD4265800E2AE9D /* GitHubUser.swift in Sources */,
				1875270B2DD4816A00E2AE9D /* UserDetailViewModel.swift in Sources */,
				187526D32DD41D9900E2AE9D /* Coordinator.swift in Sources */,
				187527042DD4747C00E2AE9D /* UserListRateLimitView.swift in Sources */,
				187526CB2DD41D2900E2AE9D /* AppDelegate.swift in Sources */,
				187526F42DD44C3200E2AE9D /* GitHubUserListAPIErrorResponse.swift in Sources */,
				187526CC2DD41D2900E2AE9D /* SceneDelegate.swift in Sources */,
				187527142DD483C800E2AE9D /* UserDetailAPIService.swift in Sources */,
				187527092DD47DA500E2AE9D /* UserDetailCoordinator.swift in Sources */,
				1875271D2DD490F600E2AE9D /* UserDetailPresentable.swift in Sources */,
				187527162DD4857300E2AE9D /* GitHubUserDetailAPIErrorResponse.swift in Sources */,
				187526FD2DD46B0900E2AE9D /* UIColor+Hex.swift in Sources */,
				187526FF2DD46C9B00E2AE9D /* UIColor+UserInterfaceStyle.swift in Sources */,
				187527122DD4838700E2AE9D /* GitHubUserDetail.swift in Sources */,
				187527192DD487A300E2AE9D /* UserDetailErrorView.swift in Sources */,
				187526DE2DD4284400E2AE9D /* UserListAPIService.swift in Sources */,
				187526D62DD4210000E2AE9D /* UserListCoordinator.swift in Sources */,
				187526F02DD43B9000E2AE9D /* UserGeneralCell.swift in Sources */,
			);
			runOnlyForDeploymentPostprocessing = 0;
		};
		1875268F2DD41ABC00E2AE9D /* Sources */ = {
			isa = PBXSourcesBuildPhase;
			buildActionMask = 2147483647;
			files = (
			);
			runOnlyForDeploymentPostprocessing = 0;
		};
		187526992DD41ABC00E2AE9D /* Sources */ = {
			isa = PBXSourcesBuildPhase;
			buildActionMask = 2147483647;
			files = (
			);
			runOnlyForDeploymentPostprocessing = 0;
		};
/* End PBXSourcesBuildPhase section */

/* Begin PBXTargetDependency section */
		187526952DD41ABC00E2AE9D /* PBXTargetDependency */ = {
			isa = PBXTargetDependency;
			target = 1875267C2DD41ABB00E2AE9D /* GitHubUserList */;
			targetProxy = 187526942DD41ABC00E2AE9D /* PBXContainerItemProxy */;
		};
		1875269F2DD41ABC00E2AE9D /* PBXTargetDependency */ = {
			isa = PBXTargetDependency;
			target = 1875267C2DD41ABB00E2AE9D /* GitHubUserList */;
			targetProxy = 1875269E2DD41ABC00E2AE9D /* PBXContainerItemProxy */;
		};
/* End PBXTargetDependency section */

/* Begin PBXVariantGroup section */
		187526C32DD41D2900E2AE9D /* LaunchScreen.storyboard */ = {
			isa = PBXVariantGroup;
			children = (
				187526C22DD41D2900E2AE9D /* Base */,
			);
			name = LaunchScreen.storyboard;
			sourceTree = "<group>";
		};
		187526C52DD41D2900E2AE9D /* Main.storyboard */ = {
			isa = PBXVariantGroup;
			children = (
				187526C42DD41D2900E2AE9D /* Base */,
			);
			name = Main.storyboard;
			sourceTree = "<group>";
		};
/* End PBXVariantGroup section */

/* Begin XCBuildConfiguration section */
		187526A72DD41ABC00E2AE9D /* Debug */ = {
			isa = XCBuildConfiguration;
			buildSettings = {
				ASSETCATALOG_COMPILER_APPICON_NAME = AppIcon;
				ASSETCATALOG_COMPILER_GLOBAL_ACCENT_COLOR_NAME = AccentColor;
				CODE_SIGN_STYLE = Automatic;
				CURRENT_PROJECT_VERSION = 1;
				DEVELOPMENT_TEAM = 856SN3VV7T;
				GENERATE_INFOPLIST_FILE = YES;
				INFOPLIST_FILE = GitHubUserList/Info.plist;
				INFOPLIST_KEY_UIApplicationSupportsIndirectInputEvents = YES;
				INFOPLIST_KEY_UILaunchStoryboardName = LaunchScreen;
				INFOPLIST_KEY_UISupportedInterfaceOrientations = UIInterfaceOrientationPortrait;
				IPHONEOS_DEPLOYMENT_TARGET = 15.6;
				LD_RUNPATH_SEARCH_PATHS = (
					"$(inherited)",
					"@executable_path/Frameworks",
				);
				MARKETING_VERSION = 1.0;
				PRODUCT_BUNDLE_IDENTIFIER = tim.chen.GitHubUserList;
				PRODUCT_NAME = "$(TARGET_NAME)";
				SUPPORTED_PLATFORMS = "iphoneos iphonesimulator";
				SUPPORTS_MACCATALYST = NO;
				SUPPORTS_MAC_DESIGNED_FOR_IPHONE_IPAD = NO;
				SUPPORTS_XR_DESIGNED_FOR_IPHONE_IPAD = NO;
				SWIFT_EMIT_LOC_STRINGS = YES;
				SWIFT_VERSION = 5.0;
				TARGETED_DEVICE_FAMILY = "1,2";
			};
			name = Debug;
		};
		187526A82DD41ABC00E2AE9D /* Release */ = {
			isa = XCBuildConfiguration;
			buildSettings = {
				ASSETCATALOG_COMPILER_APPICON_NAME = AppIcon;
				ASSETCATALOG_COMPILER_GLOBAL_ACCENT_COLOR_NAME = AccentColor;
				CODE_SIGN_STYLE = Automatic;
				CURRENT_PROJECT_VERSION = 1;
				DEVELOPMENT_TEAM = 856SN3VV7T;
				GENERATE_INFOPLIST_FILE = YES;
				INFOPLIST_FILE = GitHubUserList/Info.plist;
				INFOPLIST_KEY_UIApplicationSupportsIndirectInputEvents = YES;
				INFOPLIST_KEY_UILaunchStoryboardName = LaunchScreen;
				INFOPLIST_KEY_UISupportedInterfaceOrientations = UIInterfaceOrientationPortrait;
				IPHONEOS_DEPLOYMENT_TARGET = 15.6;
				LD_RUNPATH_SEARCH_PATHS = (
					"$(inherited)",
					"@executable_path/Frameworks",
				);
				MARKETING_VERSION = 1.0;
				PRODUCT_BUNDLE_IDENTIFIER = tim.chen.GitHubUserList;
				PRODUCT_NAME = "$(TARGET_NAME)";
				SUPPORTED_PLATFORMS = "iphoneos iphonesimulator";
				SUPPORTS_MACCATALYST = NO;
				SUPPORTS_MAC_DESIGNED_FOR_IPHONE_IPAD = NO;
				SUPPORTS_XR_DESIGNED_FOR_IPHONE_IPAD = NO;
				SWIFT_EMIT_LOC_STRINGS = YES;
				SWIFT_VERSION = 5.0;
				TARGETED_DEVICE_FAMILY = "1,2";
			};
			name = Release;
		};
		187526A92DD41ABC00E2AE9D /* Debug */ = {
			isa = XCBuildConfiguration;
			buildSettings = {
				ALWAYS_SEARCH_USER_PATHS = NO;
				ASSETCATALOG_COMPILER_GENERATE_SWIFT_ASSET_SYMBOL_EXTENSIONS = YES;
				CLANG_ANALYZER_NONNULL = YES;
				CLANG_ANALYZER_NUMBER_OBJECT_CONVERSION = YES_AGGRESSIVE;
				CLANG_CXX_LANGUAGE_STANDARD = "gnu++20";
				CLANG_ENABLE_MODULES = YES;
				CLANG_ENABLE_OBJC_ARC = YES;
				CLANG_ENABLE_OBJC_WEAK = YES;
				CLANG_WARN_BLOCK_CAPTURE_AUTORELEASING = YES;
				CLANG_WARN_BOOL_CONVERSION = YES;
				CLANG_WARN_COMMA = YES;
				CLANG_WARN_CONSTANT_CONVERSION = YES;
				CLANG_WARN_DEPRECATED_OBJC_IMPLEMENTATIONS = YES;
				CLANG_WARN_DIRECT_OBJC_ISA_USAGE = YES_ERROR;
				CLANG_WARN_DOCUMENTATION_COMMENTS = YES;
				CLANG_WARN_EMPTY_BODY = YES;
				CLANG_WARN_ENUM_CONVERSION = YES;
				CLANG_WARN_INFINITE_RECURSION = YES;
				CLANG_WARN_INT_CONVERSION = YES;
				CLANG_WARN_NON_LITERAL_NULL_CONVERSION = YES;
				CLANG_WARN_OBJC_IMPLICIT_RETAIN_SELF = YES;
				CLANG_WARN_OBJC_LITERAL_CONVERSION = YES;
				CLANG_WARN_OBJC_ROOT_CLASS = YES_ERROR;
				CLANG_WARN_QUOTED_INCLUDE_IN_FRAMEWORK_HEADER = YES;
				CLANG_WARN_RANGE_LOOP_ANALYSIS = YES;
				CLANG_WARN_STRICT_PROTOTYPES = YES;
				CLANG_WARN_SUSPICIOUS_MOVE = YES;
				CLANG_WARN_UNGUARDED_AVAILABILITY = YES_AGGRESSIVE;
				CLANG_WARN_UNREACHABLE_CODE = YES;
				CLANG_WARN__DUPLICATE_METHOD_MATCH = YES;
				COPY_PHASE_STRIP = NO;
				DEBUG_INFORMATION_FORMAT = dwarf;
				DEVELOPMENT_TEAM = 856SN3VV7T;
				ENABLE_STRICT_OBJC_MSGSEND = YES;
				ENABLE_TESTABILITY = YES;
				ENABLE_USER_SCRIPT_SANDBOXING = YES;
				GCC_C_LANGUAGE_STANDARD = gnu17;
				GCC_DYNAMIC_NO_PIC = NO;
				GCC_NO_COMMON_BLOCKS = YES;
				GCC_OPTIMIZATION_LEVEL = 0;
				GCC_PREPROCESSOR_DEFINITIONS = (
					"DEBUG=1",
					"$(inherited)",
				);
				GCC_WARN_64_TO_32_BIT_CONVERSION = YES;
				GCC_WARN_ABOUT_RETURN_TYPE = YES_ERROR;
				GCC_WARN_UNDECLARED_SELECTOR = YES;
				GCC_WARN_UNINITIALIZED_AUTOS = YES_AGGRESSIVE;
				GCC_WARN_UNUSED_FUNCTION = YES;
				GCC_WARN_UNUSED_VARIABLE = YES;
				IPHONEOS_DEPLOYMENT_TARGET = 18.4;
				LOCALIZATION_PREFERS_STRING_CATALOGS = YES;
				MTL_ENABLE_DEBUG_INFO = INCLUDE_SOURCE;
				MTL_FAST_MATH = YES;
				ONLY_ACTIVE_ARCH = YES;
				SDKROOT = iphoneos;
				SWIFT_ACTIVE_COMPILATION_CONDITIONS = "DEBUG $(inherited)";
				SWIFT_EMIT_LOC_STRINGS = YES;
				SWIFT_OPTIMIZATION_LEVEL = "-Onone";
			};
			name = Debug;
		};
		187526AA2DD41ABC00E2AE9D /* Release */ = {
			isa = XCBuildConfiguration;
			buildSettings = {
				ALWAYS_SEARCH_USER_PATHS = NO;
				ASSETCATALOG_COMPILER_GENERATE_SWIFT_ASSET_SYMBOL_EXTENSIONS = YES;
				CLANG_ANALYZER_NONNULL = YES;
				CLANG_ANALYZER_NUMBER_OBJECT_CONVERSION = YES_AGGRESSIVE;
				CLANG_CXX_LANGUAGE_STANDARD = "gnu++20";
				CLANG_ENABLE_MODULES = YES;
				CLANG_ENABLE_OBJC_ARC = YES;
				CLANG_ENABLE_OBJC_WEAK = YES;
				CLANG_WARN_BLOCK_CAPTURE_AUTORELEASING = YES;
				CLANG_WARN_BOOL_CONVERSION = YES;
				CLANG_WARN_COMMA = YES;
				CLANG_WARN_CONSTANT_CONVERSION = YES;
				CLANG_WARN_DEPRECATED_OBJC_IMPLEMENTATIONS = YES;
				CLANG_WARN_DIRECT_OBJC_ISA_USAGE = YES_ERROR;
				CLANG_WARN_DOCUMENTATION_COMMENTS = YES;
				CLANG_WARN_EMPTY_BODY = YES;
				CLANG_WARN_ENUM_CONVERSION = YES;
				CLANG_WARN_INFINITE_RECURSION = YES;
				CLANG_WARN_INT_CONVERSION = YES;
				CLANG_WARN_NON_LITERAL_NULL_CONVERSION = YES;
				CLANG_WARN_OBJC_IMPLICIT_RETAIN_SELF = YES;
				CLANG_WARN_OBJC_LITERAL_CONVERSION = YES;
				CLANG_WARN_OBJC_ROOT_CLASS = YES_ERROR;
				CLANG_WARN_QUOTED_INCLUDE_IN_FRAMEWORK_HEADER = YES;
				CLANG_WARN_RANGE_LOOP_ANALYSIS = YES;
				CLANG_WARN_STRICT_PROTOTYPES = YES;
				CLANG_WARN_SUSPICIOUS_MOVE = YES;
				CLANG_WARN_UNGUARDED_AVAILABILITY = YES_AGGRESSIVE;
				CLANG_WARN_UNREACHABLE_CODE = YES;
				CLANG_WARN__DUPLICATE_METHOD_MATCH = YES;
				COPY_PHASE_STRIP = NO;
				DEBUG_INFORMATION_FORMAT = "dwarf-with-dsym";
				DEVELOPMENT_TEAM = 856SN3VV7T;
				ENABLE_NS_ASSERTIONS = NO;
				ENABLE_STRICT_OBJC_MSGSEND = YES;
				ENABLE_USER_SCRIPT_SANDBOXING = YES;
				GCC_C_LANGUAGE_STANDARD = gnu17;
				GCC_NO_COMMON_BLOCKS = YES;
				GCC_WARN_64_TO_32_BIT_CONVERSION = YES;
				GCC_WARN_ABOUT_RETURN_TYPE = YES_ERROR;
				GCC_WARN_UNDECLARED_SELECTOR = YES;
				GCC_WARN_UNINITIALIZED_AUTOS = YES_AGGRESSIVE;
				GCC_WARN_UNUSED_FUNCTION = YES;
				GCC_WARN_UNUSED_VARIABLE = YES;
				IPHONEOS_DEPLOYMENT_TARGET = 18.4;
				LOCALIZATION_PREFERS_STRING_CATALOGS = YES;
				MTL_ENABLE_DEBUG_INFO = NO;
				MTL_FAST_MATH = YES;
				SDKROOT = iphoneos;
				SWIFT_COMPILATION_MODE = wholemodule;
				SWIFT_EMIT_LOC_STRINGS = YES;
				VALIDATE_PRODUCT = YES;
			};
			name = Release;
		};
		187526AC2DD41ABC00E2AE9D /* Debug */ = {
			isa = XCBuildConfiguration;
			buildSettings = {
				BUNDLE_LOADER = "$(TEST_HOST)";
				CODE_SIGN_STYLE = Automatic;
				CURRENT_PROJECT_VERSION = 1;
				DEVELOPMENT_TEAM = 856SN3VV7T;
				GENERATE_INFOPLIST_FILE = YES;
				IPHONEOS_DEPLOYMENT_TARGET = 18.4;
				MARKETING_VERSION = 1.0;
				PRODUCT_BUNDLE_IDENTIFIER = tim.chen.GitHubUserListTests;
				PRODUCT_NAME = "$(TARGET_NAME)";
				SWIFT_EMIT_LOC_STRINGS = NO;
				SWIFT_VERSION = 5.0;
				TARGETED_DEVICE_FAMILY = "1,2";
				TEST_HOST = "$(BUILT_PRODUCTS_DIR)/GitHubUserList.app/$(BUNDLE_EXECUTABLE_FOLDER_PATH)/GitHubUserList";
			};
			name = Debug;
		};
		187526AD2DD41ABC00E2AE9D /* Release */ = {
			isa = XCBuildConfiguration;
			buildSettings = {
				BUNDLE_LOADER = "$(TEST_HOST)";
				CODE_SIGN_STYLE = Automatic;
				CURRENT_PROJECT_VERSION = 1;
				DEVELOPMENT_TEAM = 856SN3VV7T;
				GENERATE_INFOPLIST_FILE = YES;
				IPHONEOS_DEPLOYMENT_TARGET = 18.4;
				MARKETING_VERSION = 1.0;
				PRODUCT_BUNDLE_IDENTIFIER = tim.chen.GitHubUserListTests;
				PRODUCT_NAME = "$(TARGET_NAME)";
				SWIFT_EMIT_LOC_STRINGS = NO;
				SWIFT_VERSION = 5.0;
				TARGETED_DEVICE_FAMILY = "1,2";
				TEST_HOST = "$(BUILT_PRODUCTS_DIR)/GitHubUserList.app/$(BUNDLE_EXECUTABLE_FOLDER_PATH)/GitHubUserList";
			};
			name = Release;
		};
		187526AF2DD41ABC00E2AE9D /* Debug */ = {
			isa = XCBuildConfiguration;
			buildSettings = {
				CODE_SIGN_STYLE = Automatic;
				CURRENT_PROJECT_VERSION = 1;
				DEVELOPMENT_TEAM = 856SN3VV7T;
				GENERATE_INFOPLIST_FILE = YES;
				MARKETING_VERSION = 1.0;
				PRODUCT_BUNDLE_IDENTIFIER = tim.chen.GitHubUserListUITests;
				PRODUCT_NAME = "$(TARGET_NAME)";
				SWIFT_EMIT_LOC_STRINGS = NO;
				SWIFT_VERSION = 5.0;
				TARGETED_DEVICE_FAMILY = "1,2";
				TEST_TARGET_NAME = GitHubUserList;
			};
			name = Debug;
		};
		187526B02DD41ABC00E2AE9D /* Release */ = {
			isa = XCBuildConfiguration;
			buildSettings = {
				CODE_SIGN_STYLE = Automatic;
				CURRENT_PROJECT_VERSION = 1;
				DEVELOPMENT_TEAM = 856SN3VV7T;
				GENERATE_INFOPLIST_FILE = YES;
				MARKETING_VERSION = 1.0;
				PRODUCT_BUNDLE_IDENTIFIER = tim.chen.GitHubUserListUITests;
				PRODUCT_NAME = "$(TARGET_NAME)";
				SWIFT_EMIT_LOC_STRINGS = NO;
				SWIFT_VERSION = 5.0;
				TARGETED_DEVICE_FAMILY = "1,2";
				TEST_TARGET_NAME = GitHubUserList;
			};
			name = Release;
		};
/* End XCBuildConfiguration section */

/* Begin XCConfigurationList section */
		187526782DD41ABB00E2AE9D /* Build configuration list for PBXProject "GitHubUserList" */ = {
			isa = XCConfigurationList;
			buildConfigurations = (
				187526A92DD41ABC00E2AE9D /* Debug */,
				187526AA2DD41ABC00E2AE9D /* Release */,
			);
			defaultConfigurationIsVisible = 0;
			defaultConfigurationName = Release;
		};
		187526A62DD41ABC00E2AE9D /* Build configuration list for PBXNativeTarget "GitHubUserList" */ = {
			isa = XCConfigurationList;
			buildConfigurations = (
				187526A72DD41ABC00E2AE9D /* Debug */,
				187526A82DD41ABC00E2AE9D /* Release */,
			);
			defaultConfigurationIsVisible = 0;
			defaultConfigurationName = Release;
		};
		187526AB2DD41ABC00E2AE9D /* Build configuration list for PBXNativeTarget "GitHubUserListTests" */ = {
			isa = XCConfigurationList;
			buildConfigurations = (
				187526AC2DD41ABC00E2AE9D /* Debug */,
				187526AD2DD41ABC00E2AE9D /* Release */,
			);
			defaultConfigurationIsVisible = 0;
			defaultConfigurationName = Release;
		};
		187526AE2DD41ABC00E2AE9D /* Build configuration list for PBXNativeTarget "GitHubUserListUITests" */ = {
			isa = XCConfigurationList;
			buildConfigurations = (
				187526AF2DD41ABC00E2AE9D /* Debug */,
				187526B02DD41ABC00E2AE9D /* Release */,
			);
			defaultConfigurationIsVisible = 0;
			defaultConfigurationName = Release;
		};
/* End XCConfigurationList section */

/* Begin XCRemoteSwiftPackageReference section */
		187526EB2DD4325900E2AE9D /* XCRemoteSwiftPackageReference "SDWebImage" */ = {
			isa = XCRemoteSwiftPackageReference;
			repositoryURL = "https://github.com/SDWebImage/SDWebImage";
			requirement = {
				kind = upToNextMajorVersion;
				minimumVersion = 5.21.0;
			};
		};
/* End XCRemoteSwiftPackageReference section */

/* Begin XCSwiftPackageProductDependency section */
		187526EC2DD4325900E2AE9D /* SDWebImage */ = {
			isa = XCSwiftPackageProductDependency;
			package = 187526EB2DD4325900E2AE9D /* XCRemoteSwiftPackageReference "SDWebImage" */;
			productName = SDWebImage;
		};
/* End XCSwiftPackageProductDependency section */
	};
	rootObject = 187526752DD41ABB00E2AE9D /* Project object */;
}
